
Microsoft Visual Studio Solution File, Format Version 12.00
# Visual Studio 15
VisualStudioVersion = 15.0.28307.421
MinimumVisualStudioVersion = 10.0.40219.1
Project("{FAE04EC0-301F-11D3-BF4B-00C04F79EFBC}") = "LayeredArchitectureExample", "LayeredArchitectureExample\LayeredArchitectureExample.csproj", "{0ED164D8-61A4-40D4-B84B-81E7D76B7416}"
EndProject
Project("{FAE04EC0-301F-11D3-BF4B-00C04F79EFBC}") = "LayeredArchitectureExample.BLL", "LayeredArchitectureExample.BLL\LayeredArchitectureExample.BLL.csproj", "{8B8A2103-84EB-4D2A-81C8-E2D54455AB59}"
EndProject
Project("{FAE04EC0-301F-11D3-BF4B-00C04F79EFBC}") = "LayeredArchitectureExample.Core", "LayeredArchitectureExample.Core\LayeredArchitectureExample.Core.csproj", "{C71DFDB7-9214-4A0A-96B7-58947BCAC78F}"
EndProject
Project("{FAE04EC0-301F-11D3-BF4B-00C04F79EFBC}") = "LayeredArchitectureExample.DAL", "LayeredArchitectureExample.DAL\LayeredArchitectureExample.DAL.csproj", "{C7420E7B-06FE-43BF-A973-481F27296AD1}"
EndProject
Project("{FAE04EC0-301F-11D3-BF4B-00C04F79EFBC}") = "LayeredArchitectureExample.Entities", "LayeredArchitectureExample.Entities\LayeredArchitectureExample.Entities.csproj", "{B3591C16-F454-47FA-99A5-6B2C024F3588}"
EndProject
Global
	GlobalSection(SolutionConfigurationPlatforms) = preSolution
		Debug|Any CPU = Debug|Any CPU
		Release|Any CPU = Release|Any CPU
	EndGlobalSection
	GlobalSection(ProjectConfigurationPlatforms) = postSolution
		{0ED164D8-61A4-40D4-B84B-81E7D76B7416}.Debug|Any CPU.ActiveCfg = Debug|Any CPU
		{0ED164D8-61A4-40D4-B84B-81E7D76B7416}.Debug|Any CPU.Build.0 = Debug|Any CPU
		{0ED164D8-61A4-40D4-B84B-81E7D76B7416}.Release|Any CPU.ActiveCfg = Release|Any CPU
		{0ED164D8-61A4-40D4-B84B-81E7D76B7416}.Release|Any CPU.Build.0 = Release|Any CPU
		{8B8A2103-84EB-4D2A-81C8-E2D54455AB59}.Debug|Any CPU.ActiveCfg = Debug|Any CPU
		{8B8A2103-84EB-4D2A-81C8-E2D54455AB59}.Debug|Any CPU.Build.0 = Debug|Any CPU
		{8B8A2103-84EB-4D2A-81C8-E2D54455AB59}.Release|Any CPU.ActiveCfg = Release|Any CPU
		{8B8A2103-84EB-4D2A-81C8-E2D54455AB59}.Release|Any CPU.Build.0 = Release|Any CPU
		{C71DFDB7-9214-4A0A-96B7-58947BCAC78F}.Debug|Any CPU.ActiveCfg = Debug|Any CPU
		{C71DFDB7-9214-4A0A-96B7-58947BCAC78F}.Debug|Any CPU.Build.0 = Debug|Any CPU
		{C71DFDB7-9214-4A0A-96B7-58947BCAC78F}.Release|Any CPU.ActiveCfg = Release|Any CPU
		{C71DFDB7-9214-4A0A-96B7-58947BCAC78F}.Release|Any CPU.Build.0 = Release|Any CPU
		{C7420E7B-06FE-43BF-A973-481F27296AD1}.Debug|Any CPU.ActiveCfg = Debug|Any CPU
		{C7420E7B-06FE-43BF-A973-481F27296AD1}.Debug|Any CPU.Build.0 = Debug|Any CPU
		{C7420E7B-06FE-43BF-A973-481F27296AD1}.Release|Any CPU.ActiveCfg = Release|Any CPU
		{C7420E7B-06FE-43BF-A973-481F27296AD1}.Release|Any CPU.Build.0 = Release|Any CPU
		{B3591C16-F454-47FA-99A5-6B2C024F3588}.Debug|Any CPU.ActiveCfg = Debug|Any CPU
		{B3591C16-F454-47FA-99A5-6B2C024F3588}.Debug|Any CPU.Build.0 = Debug|Any CPU
		{B3591C16-F454-47FA-99A5-6B2C024F3588}.Release|Any CPU.ActiveCfg = Release|Any CPU
		{B3591C16-F454-47FA-99A5-6B2C024F3588}.Release|Any CPU.Build.0 = Release|Any CPU
	EndGlobalSection
	GlobalSection(SolutionProperties) = preSolution
		HideSolutionNode = FALSE
	EndGlobalSection
	GlobalSection(ExtensibilityGlobals) = postSolution
		SolutionGuid = {1C3B6973-1215-4BAB-AB44-1B98B3837C02}
	EndGlobalSection
EndGlobal
